
Microsoft Visual Studio Solution File, Format Version 12.00
# Visual Studio Version 17
VisualStudioVersion = 17.14.36414.22 d17.14
MinimumVisualStudioVersion = 10.0.40219.1
Project("{FAE04EC0-301F-11D3-BF4B-00C04F79EFBC}") = "Ejercicio8", "Ejercicio8\Ejercicio8.csproj", "{2476D15D-A33A-4A6F-A2C9-2DAE3D60CF4C}"
EndProject
Global
	GlobalSection(SolutionConfigurationPlatforms) = preSolution
		Debug|Any CPU = Debug|Any CPU
		Release|Any CPU = Release|Any CPU
	EndGlobalSection
	GlobalSection(ProjectConfigurationPlatforms) = postSolution
		{2476D15D-A33A-4A6F-A2C9-2DAE3D60CF4C}.Debug|Any CPU.ActiveCfg = Debug|Any CPU
		{2476D15D-A33A-4A6F-A2C9-2DAE3D60CF4C}.Debug|Any CPU.Build.0 = Debug|Any CPU
		{2476D15D-A33A-4A6F-A2C9-2DAE3D60CF4C}.Release|Any CPU.ActiveCfg = Release|Any CPU
		{2476D15D-A33A-4A6F-A2C9-2DAE3D60CF4C}.Release|Any CPU.Build.0 = Release|Any CPU
	EndGlobalSection
	GlobalSection(SolutionProperties) = preSolution
		HideSolutionNode = FALSE
	EndGlobalSection
	GlobalSection(ExtensibilityGlobals) = postSolution
		SolutionGuid = {A0925022-21B4-4037-9252-A1F4A1D1D093}
	EndGlobalSection
EndGlobal
