
Microsoft Visual Studio Solution File, Format Version 12.00
# Visual Studio Version 17
VisualStudioVersion = 17.14.36414.22 d17.14
MinimumVisualStudioVersion = 10.0.40219.1
Project("{FAE04EC0-301F-11D3-BF4B-00C04F79EFBC}") = "Ejericicio4", "Ejericicio4\Ejericicio4.csproj", "{34884BA3-A3C4-466B-9B8A-C23EEA2FEE94}"
EndProject
Global
	GlobalSection(SolutionConfigurationPlatforms) = preSolution
		Debug|Any CPU = Debug|Any CPU
		Release|Any CPU = Release|Any CPU
	EndGlobalSection
	GlobalSection(ProjectConfigurationPlatforms) = postSolution
		{34884BA3-A3C4-466B-9B8A-C23EEA2FEE94}.Debug|Any CPU.ActiveCfg = Debug|Any CPU
		{34884BA3-A3C4-466B-9B8A-C23EEA2FEE94}.Debug|Any CPU.Build.0 = Debug|Any CPU
		{34884BA3-A3C4-466B-9B8A-C23EEA2FEE94}.Release|Any CPU.ActiveCfg = Release|Any CPU
		{34884BA3-A3C4-466B-9B8A-C23EEA2FEE94}.Release|Any CPU.Build.0 = Release|Any CPU
	EndGlobalSection
	GlobalSection(SolutionProperties) = preSolution
		HideSolutionNode = FALSE
	EndGlobalSection
	GlobalSection(ExtensibilityGlobals) = postSolution
		SolutionGuid = {336C2670-9501-4071-BC62-E0616CB74B80}
	EndGlobalSection
EndGlobal
